
Microsoft Visual Studio Solution File, Format Version 12.00
# Visual Studio Version 16
VisualStudioVersion = 25.0.1705.1
MinimumVisualStudioVersion = 10.0.40219.1
Project("{FAE04EC0-301F-11D3-BF4B-00C04F79EFBC}") = "Entity", "Entity\Entity.csproj", "{942DE3B5-40CA-4FD1-9249-8C12BC7E75D7}"
EndProject
Project("{FAE04EC0-301F-11D3-BF4B-00C04F79EFBC}") = "DataAccess", "DataAccess\DataAccess.csproj", "{A1C728A2-1D9F-4F15-B300-F2386A747709}"
EndProject
Project("{FAE04EC0-301F-11D3-BF4B-00C04F79EFBC}") = "Business", "Business\Business.csproj", "{B6A27568-1CBF-477A-8990-30BD19A8A65B}"
EndProject
Project("{FAE04EC0-301F-11D3-BF4B-00C04F79EFBC}") = "Core", "Core\Core.csproj", "{C6470962-6103-45FB-91B6-077D63CB7291}"
EndProject
Project("{FAE04EC0-301F-11D3-BF4B-00C04F79EFBC}") = "Presentation", "Presentation\Presentation.csproj", "{50313699-EA8E-472E-9502-28DA5ADADF62}"
EndProject
Global
	GlobalSection(SolutionConfigurationPlatforms) = preSolution
		Debug|Any CPU = Debug|Any CPU
		Release|Any CPU = Release|Any CPU
	EndGlobalSection
	GlobalSection(ProjectConfigurationPlatforms) = postSolution
		{942DE3B5-40CA-4FD1-9249-8C12BC7E75D7}.Debug|Any CPU.ActiveCfg = Debug|Any CPU
		{942DE3B5-40CA-4FD1-9249-8C12BC7E75D7}.Debug|Any CPU.Build.0 = Debug|Any CPU
		{942DE3B5-40CA-4FD1-9249-8C12BC7E75D7}.Release|Any CPU.ActiveCfg = Release|Any CPU
		{942DE3B5-40CA-4FD1-9249-8C12BC7E75D7}.Release|Any CPU.Build.0 = Release|Any CPU
		{A1C728A2-1D9F-4F15-B300-F2386A747709}.Debug|Any CPU.ActiveCfg = Debug|Any CPU
		{A1C728A2-1D9F-4F15-B300-F2386A747709}.Debug|Any CPU.Build.0 = Debug|Any CPU
		{A1C728A2-1D9F-4F15-B300-F2386A747709}.Release|Any CPU.ActiveCfg = Release|Any CPU
		{A1C728A2-1D9F-4F15-B300-F2386A747709}.Release|Any CPU.Build.0 = Release|Any CPU
		{B6A27568-1CBF-477A-8990-30BD19A8A65B}.Debug|Any CPU.ActiveCfg = Debug|Any CPU
		{B6A27568-1CBF-477A-8990-30BD19A8A65B}.Debug|Any CPU.Build.0 = Debug|Any CPU
		{B6A27568-1CBF-477A-8990-30BD19A8A65B}.Release|Any CPU.ActiveCfg = Release|Any CPU
		{B6A27568-1CBF-477A-8990-30BD19A8A65B}.Release|Any CPU.Build.0 = Release|Any CPU
		{C6470962-6103-45FB-91B6-077D63CB7291}.Debug|Any CPU.ActiveCfg = Debug|Any CPU
		{C6470962-6103-45FB-91B6-077D63CB7291}.Debug|Any CPU.Build.0 = Debug|Any CPU
		{C6470962-6103-45FB-91B6-077D63CB7291}.Release|Any CPU.ActiveCfg = Release|Any CPU
		{C6470962-6103-45FB-91B6-077D63CB7291}.Release|Any CPU.Build.0 = Release|Any CPU
		{50313699-EA8E-472E-9502-28DA5ADADF62}.Debug|Any CPU.ActiveCfg = Debug|Any CPU
		{50313699-EA8E-472E-9502-28DA5ADADF62}.Debug|Any CPU.Build.0 = Debug|Any CPU
		{50313699-EA8E-472E-9502-28DA5ADADF62}.Release|Any CPU.ActiveCfg = Release|Any CPU
		{50313699-EA8E-472E-9502-28DA5ADADF62}.Release|Any CPU.Build.0 = Release|Any CPU
	EndGlobalSection
	GlobalSection(SolutionProperties) = preSolution
		HideSolutionNode = FALSE
	EndGlobalSection
	GlobalSection(ExtensibilityGlobals) = postSolution
		SolutionGuid = {5689D6A6-D2F0-4482-A469-BA4806C0AC14}
	EndGlobalSection
EndGlobal
